{
  "version": "5",
  "redirects": {
    "https://esm.sh/@supabase/supabase-js@2": "https://esm.sh/@supabase/supabase-js@2.75.0",
    "https://esm.sh/tr46@~0.0.3?target=denonext": "https://esm.sh/tr46@0.0.3?target=denonext",
    "https://esm.sh/webidl-conversions@^3.0.0?target=denonext": "https://esm.sh/webidl-conversions@3.0.1?target=denonext",
    "https://esm.sh/whatwg-url@^5.0.0?target=denonext": "https://esm.sh/whatwg-url@5.0.0?target=denonext"
  },
  "remote": {
    "https://deno.land/std@0.200.0/async/delay.ts": "a6142eb44cdd856b645086af2b811b1fcce08ec06bb7d50969e6a872ee9b8659",
    "https://deno.land/std@0.200.0/http/server.ts": "1b2403b3c544c0624ad23e8ca4e05877e65380d9e0d75d04957432d65c3d5f41",
    "https://esm.sh/@supabase/auth-js@2.75.0/denonext/auth-js.mjs": "430a8a8de6764682d846fbffcf1f82957393bb708c5b37f479bd350572ad9661",
    "https://esm.sh/@supabase/functions-js@2.75.0/denonext/functions-js.mjs": "bcd848bbed8650f8465f73840f7ef7c288f4922db3f8a15471eaa0a8115ff386",
    "https://esm.sh/@supabase/node-fetch@2.6.15/denonext/node-fetch.mjs": "0bae9052231f4f6dbccc7234d05ea96923dbf967be12f402764580b6bf9f713d",
    "https://esm.sh/@supabase/postgrest-js@2.75.0/denonext/postgrest-js.mjs": "0aecc5e89bdb6ec1dc4c6261db9fe593c4d8e5fc043c452db38f2a41a3313d4a",
    "https://esm.sh/@supabase/realtime-js@2.75.0/denonext/realtime-js.mjs": "bc08511459399892d0fbe0327d39f037879228ca1ec2148adc6a82e21ed476e7",
    "https://esm.sh/@supabase/storage-js@2.75.0/denonext/storage-js.mjs": "58ea911c641ef0804bbad1af0949f3bc7a07cd611c1205862a1e83d3930de4af",
    "https://esm.sh/@supabase/supabase-js@2.75.0": "2560166a94e3385c37b1c4fa943ee9c729a44e92fc9c61c03037852dc494853e",
    "https://esm.sh/@supabase/supabase-js@2.75.0/denonext/supabase-js.mjs": "01b2173b174f48646d07ab419216688a424a23dffee6d1b74db5a87046fa9759",
    "https://esm.sh/tr46@0.0.3/denonext/tr46.mjs": "5753ec0a99414f4055f0c1f97691100f13d88e48a8443b00aebb90a512785fa2",
    "https://esm.sh/tr46@0.0.3?target=denonext": "19cb9be0f0d418a0c3abb81f2df31f080e9540a04e43b0f699bce1149cba0cbb",
    "https://esm.sh/webidl-conversions@3.0.1/denonext/webidl-conversions.mjs": "54b5c2d50a294853c4ccebf9d5ed8988c94f4e24e463d84ec859a866ea5fafec",
    "https://esm.sh/webidl-conversions@3.0.1?target=denonext": "4e20318d50528084616c79d7b3f6e7f0fe7b6d09013bd01b3974d7448d767e29",
    "https://esm.sh/whatwg-url@5.0.0/denonext/whatwg-url.mjs": "29b16d74ee72624c915745bbd25b617cfd2248c6af0f5120d131e232a9a9af79",
    "https://esm.sh/whatwg-url@5.0.0?target=denonext": "f001a2cadf81312d214ca330033f474e74d81a003e21e8c5d70a1f46dc97b02d"
  },
  "workspace": {
    "packageJson": {
      "dependencies": [
        "npm:supabase@^2.48.3"
      ]
    }
  }
}
